
Microsoft Visual Studio Solution File, Format Version 12.00
# Visual Studio Version 16
VisualStudioVersion = 16.0.29709.97
MinimumVisualStudioVersion = 10.0.40219.1
Project("{FAE04EC0-301F-11D3-BF4B-00C04F79EFBC}") = "TP.UWP", "TP\TP.UWP\TP.UWP.csproj", "{2A731BA8-CD9C-418F-A5D3-E764D8971406}"
EndProject
Project("{FAE04EC0-301F-11D3-BF4B-00C04F79EFBC}") = "TP", "TP\TP\TP.csproj", "{E827A617-B730-4F83-BBE8-45E07824C2A4}"
EndProject
Project("{2150E333-8FDC-42A3-9474-1A3956D46DE8}") = "TP01", "TP01", "{C54F2E5A-9FC9-4948-BF1B-D0D30BA604B3}"
EndProject
Project("{2150E333-8FDC-42A3-9474-1A3956D46DE8}") = "TP02", "TP02", "{AE41A959-FF49-4216-B38F-726A006CF5CD}"
	ProjectSection(SolutionItems) = preProject
		ReadMeTP2.txt = ReadMeTP2.txt
	EndProjectSection
EndProject
Project("{9A19103F-16F7-4668-BE54-9A1E7A4F7556}") = "TP1", "TP2\TP1\TP1.csproj", "{35F87460-00AB-4D5C-91E1-AC51AFBEAD6C}"
EndProject
Project("{FAE04EC0-301F-11D3-BF4B-00C04F79EFBC}") = "TP1.UWP", "TP2\TP1.UWP\TP1.UWP.csproj", "{A4051445-357E-42C4-9292-F53A67451CA2}"
EndProject
Project("{2150E333-8FDC-42A3-9474-1A3956D46DE8}") = "TP03", "TP03", "{B3EA2C63-287D-4A9A-B2ED-7D74E46AAC2D}"
	ProjectSection(SolutionItems) = preProject
		ReadMeTP3.txt = ReadMeTP3.txt
	EndProjectSection
EndProject
Project("{9A19103F-16F7-4668-BE54-9A1E7A4F7556}") = "Tp3", "TP3\Tp2\Tp3.csproj", "{6D7AD7A2-C388-4E9E-86C0-6D2C01AF324E}"
EndProject
Project("{FAE04EC0-301F-11D3-BF4B-00C04F79EFBC}") = "Tp3.UWP", "TP3\Tp2.UWP\Tp3.UWP.csproj", "{32F42488-D3FE-47C7-BA01-2F504467D777}"
EndProject
Project("{2150E333-8FDC-42A3-9474-1A3956D46DE8}") = "TP04", "TP04", "{C0913DBF-E4C5-44E4-9D24-C0119084FD7E}"
EndProject
Project("{9A19103F-16F7-4668-BE54-9A1E7A4F7556}") = "Tp4", "TP4\Tp3\Tp4.csproj", "{4CE142B8-E57E-41AF-8AD1-D812EB6F77FC}"
EndProject
Project("{FAE04EC0-301F-11D3-BF4B-00C04F79EFBC}") = "Tp4.UWP", "TP4\Tp3.UWP\Tp4.UWP.csproj", "{C2F77A58-FEB8-4BCC-A925-883EB22B2CF0}"
EndProject
Project("{2150E333-8FDC-42A3-9474-1A3956D46DE8}") = "TP05", "TP05", "{ABEDD081-7735-4A26-A9AB-3F1019B0DC96}"
EndProject
Project("{2150E333-8FDC-42A3-9474-1A3956D46DE8}") = "TP06", "TP06", "{6D9321AE-87B9-4487-9367-5EA3344A1EB5}"
EndProject
Project("{9A19103F-16F7-4668-BE54-9A1E7A4F7556}") = "TP6", "TP6\TP1\TP6.csproj", "{168DDCA0-50BE-4708-9D7E-DC97EA5A88F1}"
EndProject
Project("{FAE04EC0-301F-11D3-BF4B-00C04F79EFBC}") = "TP6.UWP", "TP6\TP1.UWP\TP6.UWP.csproj", "{92E5C8B3-15A5-450E-B348-ED2330D09133}"
EndProject
Global
	GlobalSection(SolutionConfigurationPlatforms) = preSolution
		Debug|Any CPU = Debug|Any CPU
		Debug|ARM = Debug|ARM
		Debug|x64 = Debug|x64
		Debug|x86 = Debug|x86
		Release|Any CPU = Release|Any CPU
		Release|ARM = Release|ARM
		Release|x64 = Release|x64
		Release|x86 = Release|x86
	EndGlobalSection
	GlobalSection(ProjectConfigurationPlatforms) = postSolution
		{2A731BA8-CD9C-418F-A5D3-E764D8971406}.Debug|Any CPU.ActiveCfg = Debug|x86
		{2A731BA8-CD9C-418F-A5D3-E764D8971406}.Debug|Any CPU.Build.0 = Debug|x86
		{2A731BA8-CD9C-418F-A5D3-E764D8971406}.Debug|Any CPU.Deploy.0 = Debug|x86
		{2A731BA8-CD9C-418F-A5D3-E764D8971406}.Debug|ARM.ActiveCfg = Debug|ARM
		{2A731BA8-CD9C-418F-A5D3-E764D8971406}.Debug|ARM.Build.0 = Debug|ARM
		{2A731BA8-CD9C-418F-A5D3-E764D8971406}.Debug|ARM.Deploy.0 = Debug|ARM
		{2A731BA8-CD9C-418F-A5D3-E764D8971406}.Debug|x64.ActiveCfg = Debug|x64
		{2A731BA8-CD9C-418F-A5D3-E764D8971406}.Debug|x64.Build.0 = Debug|x64
		{2A731BA8-CD9C-418F-A5D3-E764D8971406}.Debug|x64.Deploy.0 = Debug|x64
		{2A731BA8-CD9C-418F-A5D3-E764D8971406}.Debug|x86.ActiveCfg = Debug|x86
		{2A731BA8-CD9C-418F-A5D3-E764D8971406}.Debug|x86.Build.0 = Debug|x86
		{2A731BA8-CD9C-418F-A5D3-E764D8971406}.Debug|x86.Deploy.0 = Debug|x86
		{2A731BA8-CD9C-418F-A5D3-E764D8971406}.Release|Any CPU.ActiveCfg = Release|x86
		{2A731BA8-CD9C-418F-A5D3-E764D8971406}.Release|Any CPU.Build.0 = Release|x86
		{2A731BA8-CD9C-418F-A5D3-E764D8971406}.Release|Any CPU.Deploy.0 = Release|x86
		{2A731BA8-CD9C-418F-A5D3-E764D8971406}.Release|ARM.ActiveCfg = Release|ARM
		{2A731BA8-CD9C-418F-A5D3-E764D8971406}.Release|ARM.Build.0 = Release|ARM
		{2A731BA8-CD9C-418F-A5D3-E764D8971406}.Release|ARM.Deploy.0 = Release|ARM
		{2A731BA8-CD9C-418F-A5D3-E764D8971406}.Release|x64.ActiveCfg = Release|x64
		{2A731BA8-CD9C-418F-A5D3-E764D8971406}.Release|x64.Build.0 = Release|x64
		{2A731BA8-CD9C-418F-A5D3-E764D8971406}.Release|x64.Deploy.0 = Release|x64
		{2A731BA8-CD9C-418F-A5D3-E764D8971406}.Release|x86.ActiveCfg = Release|x86
		{2A731BA8-CD9C-418F-A5D3-E764D8971406}.Release|x86.Build.0 = Release|x86
		{2A731BA8-CD9C-418F-A5D3-E764D8971406}.Release|x86.Deploy.0 = Release|x86
		{E827A617-B730-4F83-BBE8-45E07824C2A4}.Debug|Any CPU.ActiveCfg = Debug|Any CPU
		{E827A617-B730-4F83-BBE8-45E07824C2A4}.Debug|Any CPU.Build.0 = Debug|Any CPU
		{E827A617-B730-4F83-BBE8-45E07824C2A4}.Debug|Any CPU.Deploy.0 = Debug|Any CPU
		{E827A617-B730-4F83-BBE8-45E07824C2A4}.Debug|ARM.ActiveCfg = Debug|Any CPU
		{E827A617-B730-4F83-BBE8-45E07824C2A4}.Debug|ARM.Build.0 = Debug|Any CPU
		{E827A617-B730-4F83-BBE8-45E07824C2A4}.Debug|ARM.Deploy.0 = Debug|Any CPU
		{E827A617-B730-4F83-BBE8-45E07824C2A4}.Debug|x64.ActiveCfg = Debug|Any CPU
		{E827A617-B730-4F83-BBE8-45E07824C2A4}.Debug|x64.Build.0 = Debug|Any CPU
		{E827A617-B730-4F83-BBE8-45E07824C2A4}.Debug|x64.Deploy.0 = Debug|Any CPU
		{E827A617-B730-4F83-BBE8-45E07824C2A4}.Debug|x86.ActiveCfg = Debug|Any CPU
		{E827A617-B730-4F83-BBE8-45E07824C2A4}.Debug|x86.Build.0 = Debug|Any CPU
		{E827A617-B730-4F83-BBE8-45E07824C2A4}.Debug|x86.Deploy.0 = Debug|Any CPU
		{E827A617-B730-4F83-BBE8-45E07824C2A4}.Release|Any CPU.ActiveCfg = Release|Any CPU
		{E827A617-B730-4F83-BBE8-45E07824C2A4}.Release|Any CPU.Build.0 = Release|Any CPU
		{E827A617-B730-4F83-BBE8-45E07824C2A4}.Release|Any CPU.Deploy.0 = Release|Any CPU
		{E827A617-B730-4F83-BBE8-45E07824C2A4}.Release|ARM.ActiveCfg = Release|Any CPU
		{E827A617-B730-4F83-BBE8-45E07824C2A4}.Release|ARM.Build.0 = Release|Any CPU
		{E827A617-B730-4F83-BBE8-45E07824C2A4}.Release|ARM.Deploy.0 = Release|Any CPU
		{E827A617-B730-4F83-BBE8-45E07824C2A4}.Release|x64.ActiveCfg = Release|Any CPU
		{E827A617-B730-4F83-BBE8-45E07824C2A4}.Release|x64.Build.0 = Release|Any CPU
		{E827A617-B730-4F83-BBE8-45E07824C2A4}.Release|x64.Deploy.0 = Release|Any CPU
		{E827A617-B730-4F83-BBE8-45E07824C2A4}.Release|x86.ActiveCfg = Release|Any CPU
		{E827A617-B730-4F83-BBE8-45E07824C2A4}.Release|x86.Build.0 = Release|Any CPU
		{E827A617-B730-4F83-BBE8-45E07824C2A4}.Release|x86.Deploy.0 = Release|Any CPU
		{35F87460-00AB-4D5C-91E1-AC51AFBEAD6C}.Debug|Any CPU.ActiveCfg = Debug|Any CPU
		{35F87460-00AB-4D5C-91E1-AC51AFBEAD6C}.Debug|Any CPU.Build.0 = Debug|Any CPU
		{35F87460-00AB-4D5C-91E1-AC51AFBEAD6C}.Debug|ARM.ActiveCfg = Debug|Any CPU
		{35F87460-00AB-4D5C-91E1-AC51AFBEAD6C}.Debug|ARM.Build.0 = Debug|Any CPU
		{35F87460-00AB-4D5C-91E1-AC51AFBEAD6C}.Debug|x64.ActiveCfg = Debug|Any CPU
		{35F87460-00AB-4D5C-91E1-AC51AFBEAD6C}.Debug|x64.Build.0 = Debug|Any CPU
		{35F87460-00AB-4D5C-91E1-AC51AFBEAD6C}.Debug|x86.ActiveCfg = Debug|Any CPU
		{35F87460-00AB-4D5C-91E1-AC51AFBEAD6C}.Debug|x86.Build.0 = Debug|Any CPU
		{35F87460-00AB-4D5C-91E1-AC51AFBEAD6C}.Release|Any CPU.ActiveCfg = Release|Any CPU
		{35F87460-00AB-4D5C-91E1-AC51AFBEAD6C}.Release|Any CPU.Build.0 = Release|Any CPU
		{35F87460-00AB-4D5C-91E1-AC51AFBEAD6C}.Release|ARM.ActiveCfg = Release|Any CPU
		{35F87460-00AB-4D5C-91E1-AC51AFBEAD6C}.Release|ARM.Build.0 = Release|Any CPU
		{35F87460-00AB-4D5C-91E1-AC51AFBEAD6C}.Release|x64.ActiveCfg = Release|Any CPU
		{35F87460-00AB-4D5C-91E1-AC51AFBEAD6C}.Release|x64.Build.0 = Release|Any CPU
		{35F87460-00AB-4D5C-91E1-AC51AFBEAD6C}.Release|x86.ActiveCfg = Release|Any CPU
		{35F87460-00AB-4D5C-91E1-AC51AFBEAD6C}.Release|x86.Build.0 = Release|Any CPU
		{A4051445-357E-42C4-9292-F53A67451CA2}.Debug|Any CPU.ActiveCfg = Debug|x86
		{A4051445-357E-42C4-9292-F53A67451CA2}.Debug|ARM.ActiveCfg = Debug|ARM
		{A4051445-357E-42C4-9292-F53A67451CA2}.Debug|ARM.Build.0 = Debug|ARM
		{A4051445-357E-42C4-9292-F53A67451CA2}.Debug|ARM.Deploy.0 = Debug|ARM
		{A4051445-357E-42C4-9292-F53A67451CA2}.Debug|x64.ActiveCfg = Debug|x64
		{A4051445-357E-42C4-9292-F53A67451CA2}.Debug|x64.Build.0 = Debug|x64
		{A4051445-357E-42C4-9292-F53A67451CA2}.Debug|x64.Deploy.0 = Debug|x64
		{A4051445-357E-42C4-9292-F53A67451CA2}.Debug|x86.ActiveCfg = Debug|x86
		{A4051445-357E-42C4-9292-F53A67451CA2}.Debug|x86.Build.0 = Debug|x86
		{A4051445-357E-42C4-9292-F53A67451CA2}.Debug|x86.Deploy.0 = Debug|x86
		{A4051445-357E-42C4-9292-F53A67451CA2}.Release|Any CPU.ActiveCfg = Release|x86
		{A4051445-357E-42C4-9292-F53A67451CA2}.Release|ARM.ActiveCfg = Release|ARM
		{A4051445-357E-42C4-9292-F53A67451CA2}.Release|ARM.Build.0 = Release|ARM
		{A4051445-357E-42C4-9292-F53A67451CA2}.Release|ARM.Deploy.0 = Release|ARM
		{A4051445-357E-42C4-9292-F53A67451CA2}.Release|x64.ActiveCfg = Release|x64
		{A4051445-357E-42C4-9292-F53A67451CA2}.Release|x64.Build.0 = Release|x64
		{A4051445-357E-42C4-9292-F53A67451CA2}.Release|x64.Deploy.0 = Release|x64
		{A4051445-357E-42C4-9292-F53A67451CA2}.Release|x86.ActiveCfg = Release|x86
		{A4051445-357E-42C4-9292-F53A67451CA2}.Release|x86.Build.0 = Release|x86
		{A4051445-357E-42C4-9292-F53A67451CA2}.Release|x86.Deploy.0 = Release|x86
		{6D7AD7A2-C388-4E9E-86C0-6D2C01AF324E}.Debug|Any CPU.ActiveCfg = Debug|Any CPU
		{6D7AD7A2-C388-4E9E-86C0-6D2C01AF324E}.Debug|Any CPU.Build.0 = Debug|Any CPU
		{6D7AD7A2-C388-4E9E-86C0-6D2C01AF324E}.Debug|ARM.ActiveCfg = Debug|Any CPU
		{6D7AD7A2-C388-4E9E-86C0-6D2C01AF324E}.Debug|ARM.Build.0 = Debug|Any CPU
		{6D7AD7A2-C388-4E9E-86C0-6D2C01AF324E}.Debug|x64.ActiveCfg = Debug|Any CPU
		{6D7AD7A2-C388-4E9E-86C0-6D2C01AF324E}.Debug|x64.Build.0 = Debug|Any CPU
		{6D7AD7A2-C388-4E9E-86C0-6D2C01AF324E}.Debug|x86.ActiveCfg = Debug|Any CPU
		{6D7AD7A2-C388-4E9E-86C0-6D2C01AF324E}.Debug|x86.Build.0 = Debug|Any CPU
		{6D7AD7A2-C388-4E9E-86C0-6D2C01AF324E}.Release|Any CPU.ActiveCfg = Release|Any CPU
		{6D7AD7A2-C388-4E9E-86C0-6D2C01AF324E}.Release|Any CPU.Build.0 = Release|Any CPU
		{6D7AD7A2-C388-4E9E-86C0-6D2C01AF324E}.Release|ARM.ActiveCfg = Release|Any CPU
		{6D7AD7A2-C388-4E9E-86C0-6D2C01AF324E}.Release|ARM.Build.0 = Release|Any CPU
		{6D7AD7A2-C388-4E9E-86C0-6D2C01AF324E}.Release|x64.ActiveCfg = Release|Any CPU
		{6D7AD7A2-C388-4E9E-86C0-6D2C01AF324E}.Release|x64.Build.0 = Release|Any CPU
		{6D7AD7A2-C388-4E9E-86C0-6D2C01AF324E}.Release|x86.ActiveCfg = Release|Any CPU
		{6D7AD7A2-C388-4E9E-86C0-6D2C01AF324E}.Release|x86.Build.0 = Release|Any CPU
		{32F42488-D3FE-47C7-BA01-2F504467D777}.Debug|Any CPU.ActiveCfg = Debug|x86
		{32F42488-D3FE-47C7-BA01-2F504467D777}.Debug|ARM.ActiveCfg = Debug|ARM
		{32F42488-D3FE-47C7-BA01-2F504467D777}.Debug|ARM.Build.0 = Debug|ARM
		{32F42488-D3FE-47C7-BA01-2F504467D777}.Debug|ARM.Deploy.0 = Debug|ARM
		{32F42488-D3FE-47C7-BA01-2F504467D777}.Debug|x64.ActiveCfg = Debug|x64
		{32F42488-D3FE-47C7-BA01-2F504467D777}.Debug|x64.Build.0 = Debug|x64
		{32F42488-D3FE-47C7-BA01-2F504467D777}.Debug|x64.Deploy.0 = Debug|x64
		{32F42488-D3FE-47C7-BA01-2F504467D777}.Debug|x86.ActiveCfg = Debug|x86
		{32F42488-D3FE-47C7-BA01-2F504467D777}.Debug|x86.Build.0 = Debug|x86
		{32F42488-D3FE-47C7-BA01-2F504467D777}.Debug|x86.Deploy.0 = Debug|x86
		{32F42488-D3FE-47C7-BA01-2F504467D777}.Release|Any CPU.ActiveCfg = Release|x86
		{32F42488-D3FE-47C7-BA01-2F504467D777}.Release|ARM.ActiveCfg = Release|ARM
		{32F42488-D3FE-47C7-BA01-2F504467D777}.Release|ARM.Build.0 = Release|ARM
		{32F42488-D3FE-47C7-BA01-2F504467D777}.Release|ARM.Deploy.0 = Release|ARM
		{32F42488-D3FE-47C7-BA01-2F504467D777}.Release|x64.ActiveCfg = Release|x64
		{32F42488-D3FE-47C7-BA01-2F504467D777}.Release|x64.Build.0 = Release|x64
		{32F42488-D3FE-47C7-BA01-2F504467D777}.Release|x64.Deploy.0 = Release|x64
		{32F42488-D3FE-47C7-BA01-2F504467D777}.Release|x86.ActiveCfg = Release|x86
		{32F42488-D3FE-47C7-BA01-2F504467D777}.Release|x86.Build.0 = Release|x86
		{32F42488-D3FE-47C7-BA01-2F504467D777}.Release|x86.Deploy.0 = Release|x86
		{4CE142B8-E57E-41AF-8AD1-D812EB6F77FC}.Debug|Any CPU.ActiveCfg = Debug|Any CPU
		{4CE142B8-E57E-41AF-8AD1-D812EB6F77FC}.Debug|Any CPU.Build.0 = Debug|Any CPU
		{4CE142B8-E57E-41AF-8AD1-D812EB6F77FC}.Debug|ARM.ActiveCfg = Debug|Any CPU
		{4CE142B8-E57E-41AF-8AD1-D812EB6F77FC}.Debug|ARM.Build.0 = Debug|Any CPU
		{4CE142B8-E57E-41AF-8AD1-D812EB6F77FC}.Debug|x64.ActiveCfg = Debug|Any CPU
		{4CE142B8-E57E-41AF-8AD1-D812EB6F77FC}.Debug|x64.Build.0 = Debug|Any CPU
		{4CE142B8-E57E-41AF-8AD1-D812EB6F77FC}.Debug|x86.ActiveCfg = Debug|Any CPU
		{4CE142B8-E57E-41AF-8AD1-D812EB6F77FC}.Debug|x86.Build.0 = Debug|Any CPU
		{4CE142B8-E57E-41AF-8AD1-D812EB6F77FC}.Release|Any CPU.ActiveCfg = Release|Any CPU
		{4CE142B8-E57E-41AF-8AD1-D812EB6F77FC}.Release|Any CPU.Build.0 = Release|Any CPU
		{4CE142B8-E57E-41AF-8AD1-D812EB6F77FC}.Release|ARM.ActiveCfg = Release|Any CPU
		{4CE142B8-E57E-41AF-8AD1-D812EB6F77FC}.Release|ARM.Build.0 = Release|Any CPU
		{4CE142B8-E57E-41AF-8AD1-D812EB6F77FC}.Release|x64.ActiveCfg = Release|Any CPU
		{4CE142B8-E57E-41AF-8AD1-D812EB6F77FC}.Release|x64.Build.0 = Release|Any CPU
		{4CE142B8-E57E-41AF-8AD1-D812EB6F77FC}.Release|x86.ActiveCfg = Release|Any CPU
		{4CE142B8-E57E-41AF-8AD1-D812EB6F77FC}.Release|x86.Build.0 = Release|Any CPU
		{C2F77A58-FEB8-4BCC-A925-883EB22B2CF0}.Debug|Any CPU.ActiveCfg = Debug|x86
		{C2F77A58-FEB8-4BCC-A925-883EB22B2CF0}.Debug|ARM.ActiveCfg = Debug|ARM
		{C2F77A58-FEB8-4BCC-A925-883EB22B2CF0}.Debug|ARM.Build.0 = Debug|ARM
		{C2F77A58-FEB8-4BCC-A925-883EB22B2CF0}.Debug|ARM.Deploy.0 = Debug|ARM
		{C2F77A58-FEB8-4BCC-A925-883EB22B2CF0}.Debug|x64.ActiveCfg = Debug|x64
		{C2F77A58-FEB8-4BCC-A925-883EB22B2CF0}.Debug|x64.Build.0 = Debug|x64
		{C2F77A58-FEB8-4BCC-A925-883EB22B2CF0}.Debug|x64.Deploy.0 = Debug|x64
		{C2F77A58-FEB8-4BCC-A925-883EB22B2CF0}.Debug|x86.ActiveCfg = Debug|x86
		{C2F77A58-FEB8-4BCC-A925-883EB22B2CF0}.Debug|x86.Build.0 = Debug|x86
		{C2F77A58-FEB8-4BCC-A925-883EB22B2CF0}.Debug|x86.Deploy.0 = Debug|x86
		{C2F77A58-FEB8-4BCC-A925-883EB22B2CF0}.Release|Any CPU.ActiveCfg = Release|x86
		{C2F77A58-FEB8-4BCC-A925-883EB22B2CF0}.Release|ARM.ActiveCfg = Release|ARM
		{C2F77A58-FEB8-4BCC-A925-883EB22B2CF0}.Release|ARM.Build.0 = Release|ARM
		{C2F77A58-FEB8-4BCC-A925-883EB22B2CF0}.Release|ARM.Deploy.0 = Release|ARM
		{C2F77A58-FEB8-4BCC-A925-883EB22B2CF0}.Release|x64.ActiveCfg = Release|x64
		{C2F77A58-FEB8-4BCC-A925-883EB22B2CF0}.Release|x64.Build.0 = Release|x64
		{C2F77A58-FEB8-4BCC-A925-883EB22B2CF0}.Release|x64.Deploy.0 = Release|x64
		{C2F77A58-FEB8-4BCC-A925-883EB22B2CF0}.Release|x86.ActiveCfg = Release|x86
		{C2F77A58-FEB8-4BCC-A925-883EB22B2CF0}.Release|x86.Build.0 = Release|x86
		{C2F77A58-FEB8-4BCC-A925-883EB22B2CF0}.Release|x86.Deploy.0 = Release|x86
		{168DDCA0-50BE-4708-9D7E-DC97EA5A88F1}.Debug|Any CPU.ActiveCfg = Debug|Any CPU
		{168DDCA0-50BE-4708-9D7E-DC97EA5A88F1}.Debug|Any CPU.Build.0 = Debug|Any CPU
		{168DDCA0-50BE-4708-9D7E-DC97EA5A88F1}.Debug|ARM.ActiveCfg = Debug|Any CPU
		{168DDCA0-50BE-4708-9D7E-DC97EA5A88F1}.Debug|ARM.Build.0 = Debug|Any CPU
		{168DDCA0-50BE-4708-9D7E-DC97EA5A88F1}.Debug|x64.ActiveCfg = Debug|Any CPU
		{168DDCA0-50BE-4708-9D7E-DC97EA5A88F1}.Debug|x64.Build.0 = Debug|Any CPU
		{168DDCA0-50BE-4708-9D7E-DC97EA5A88F1}.Debug|x86.ActiveCfg = Debug|Any CPU
		{168DDCA0-50BE-4708-9D7E-DC97EA5A88F1}.Debug|x86.Build.0 = Debug|Any CPU
		{168DDCA0-50BE-4708-9D7E-DC97EA5A88F1}.Release|Any CPU.ActiveCfg = Release|Any CPU
		{168DDCA0-50BE-4708-9D7E-DC97EA5A88F1}.Release|Any CPU.Build.0 = Release|Any CPU
		{168DDCA0-50BE-4708-9D7E-DC97EA5A88F1}.Release|ARM.ActiveCfg = Release|Any CPU
		{168DDCA0-50BE-4708-9D7E-DC97EA5A88F1}.Release|ARM.Build.0 = Release|Any CPU
		{168DDCA0-50BE-4708-9D7E-DC97EA5A88F1}.Release|x64.ActiveCfg = Release|Any CPU
		{168DDCA0-50BE-4708-9D7E-DC97EA5A88F1}.Release|x64.Build.0 = Release|Any CPU
		{168DDCA0-50BE-4708-9D7E-DC97EA5A88F1}.Release|x86.ActiveCfg = Release|Any CPU
		{168DDCA0-50BE-4708-9D7E-DC97EA5A88F1}.Release|x86.Build.0 = Release|Any CPU
		{92E5C8B3-15A5-450E-B348-ED2330D09133}.Debug|Any CPU.ActiveCfg = Debug|x86
		{92E5C8B3-15A5-450E-B348-ED2330D09133}.Debug|ARM.ActiveCfg = Debug|ARM
		{92E5C8B3-15A5-450E-B348-ED2330D09133}.Debug|ARM.Build.0 = Debug|ARM
		{92E5C8B3-15A5-450E-B348-ED2330D09133}.Debug|ARM.Deploy.0 = Debug|ARM
		{92E5C8B3-15A5-450E-B348-ED2330D09133}.Debug|x64.ActiveCfg = Debug|x64
		{92E5C8B3-15A5-450E-B348-ED2330D09133}.Debug|x64.Build.0 = Debug|x64
		{92E5C8B3-15A5-450E-B348-ED2330D09133}.Debug|x64.Deploy.0 = Debug|x64
		{92E5C8B3-15A5-450E-B348-ED2330D09133}.Debug|x86.ActiveCfg = Debug|x86
		{92E5C8B3-15A5-450E-B348-ED2330D09133}.Debug|x86.Build.0 = Debug|x86
		{92E5C8B3-15A5-450E-B348-ED2330D09133}.Debug|x86.Deploy.0 = Debug|x86
		{92E5C8B3-15A5-450E-B348-ED2330D09133}.Release|Any CPU.ActiveCfg = Release|x86
		{92E5C8B3-15A5-450E-B348-ED2330D09133}.Release|ARM.ActiveCfg = Release|ARM
		{92E5C8B3-15A5-450E-B348-ED2330D09133}.Release|ARM.Build.0 = Release|ARM
		{92E5C8B3-15A5-450E-B348-ED2330D09133}.Release|ARM.Deploy.0 = Release|ARM
		{92E5C8B3-15A5-450E-B348-ED2330D09133}.Release|x64.ActiveCfg = Release|x64
		{92E5C8B3-15A5-450E-B348-ED2330D09133}.Release|x64.Build.0 = Release|x64
		{92E5C8B3-15A5-450E-B348-ED2330D09133}.Release|x64.Deploy.0 = Release|x64
		{92E5C8B3-15A5-450E-B348-ED2330D09133}.Release|x86.ActiveCfg = Release|x86
		{92E5C8B3-15A5-450E-B348-ED2330D09133}.Release|x86.Build.0 = Release|x86
		{92E5C8B3-15A5-450E-B348-ED2330D09133}.Release|x86.Deploy.0 = Release|x86
	EndGlobalSection
	GlobalSection(SolutionProperties) = preSolution
		HideSolutionNode = FALSE
	EndGlobalSection
	GlobalSection(NestedProjects) = preSolution
		{2A731BA8-CD9C-418F-A5D3-E764D8971406} = {C54F2E5A-9FC9-4948-BF1B-D0D30BA604B3}
		{E827A617-B730-4F83-BBE8-45E07824C2A4} = {C54F2E5A-9FC9-4948-BF1B-D0D30BA604B3}
		{35F87460-00AB-4D5C-91E1-AC51AFBEAD6C} = {AE41A959-FF49-4216-B38F-726A006CF5CD}
		{A4051445-357E-42C4-9292-F53A67451CA2} = {AE41A959-FF49-4216-B38F-726A006CF5CD}
		{6D7AD7A2-C388-4E9E-86C0-6D2C01AF324E} = {B3EA2C63-287D-4A9A-B2ED-7D74E46AAC2D}
		{32F42488-D3FE-47C7-BA01-2F504467D777} = {B3EA2C63-287D-4A9A-B2ED-7D74E46AAC2D}
		{4CE142B8-E57E-41AF-8AD1-D812EB6F77FC} = {C0913DBF-E4C5-44E4-9D24-C0119084FD7E}
		{C2F77A58-FEB8-4BCC-A925-883EB22B2CF0} = {C0913DBF-E4C5-44E4-9D24-C0119084FD7E}
		{168DDCA0-50BE-4708-9D7E-DC97EA5A88F1} = {6D9321AE-87B9-4487-9367-5EA3344A1EB5}
		{92E5C8B3-15A5-450E-B348-ED2330D09133} = {6D9321AE-87B9-4487-9367-5EA3344A1EB5}
	EndGlobalSection
	GlobalSection(ExtensibilityGlobals) = postSolution
		SolutionGuid = {A5557784-BD2F-4477-A690-B8CF097B3722}
	EndGlobalSection
EndGlobal
